
Microsoft Visual Studio Solution File, Format Version 12.00
# Visual Studio Version 17
VisualStudioVersion = 17.2.32630.192
MinimumVisualStudioVersion = 10.0.40219.1
Project("{FAE04EC0-301F-11D3-BF4B-00C04F79EFBC}") = "USDASearchApp.API", "USDASearchApp.API\USDASearchApp.API.csproj", "{14794BD6-D432-4CDB-ABDE-A832973DA378}"
EndProject
Project("{2150E333-8FDC-42A3-9474-1A3956D46DE8}") = "Solution Items", "Solution Items", "{C17434A5-3781-45B8-B470-20EC24DC294F}"
	ProjectSection(SolutionItems) = preProject
		json.js = json.js
	EndProjectSection
EndProject
Project("{FAE04EC0-301F-11D3-BF4B-00C04F79EFBC}") = "USDASearchApp", "USDASearchApp\USDASearchApp.csproj", "{1DAA99D8-96E2-413F-8828-CCCC8F54E959}"
EndProject
Global
	GlobalSection(SolutionConfigurationPlatforms) = preSolution
		Debug|Any CPU = Debug|Any CPU
		Release|Any CPU = Release|Any CPU
	EndGlobalSection
	GlobalSection(ProjectConfigurationPlatforms) = postSolution
		{14794BD6-D432-4CDB-ABDE-A832973DA378}.Debug|Any CPU.ActiveCfg = Debug|Any CPU
		{14794BD6-D432-4CDB-ABDE-A832973DA378}.Debug|Any CPU.Build.0 = Debug|Any CPU
		{14794BD6-D432-4CDB-ABDE-A832973DA378}.Release|Any CPU.ActiveCfg = Release|Any CPU
		{14794BD6-D432-4CDB-ABDE-A832973DA378}.Release|Any CPU.Build.0 = Release|Any CPU
		{1DAA99D8-96E2-413F-8828-CCCC8F54E959}.Debug|Any CPU.ActiveCfg = Debug|Any CPU
		{1DAA99D8-96E2-413F-8828-CCCC8F54E959}.Debug|Any CPU.Build.0 = Debug|Any CPU
		{1DAA99D8-96E2-413F-8828-CCCC8F54E959}.Release|Any CPU.ActiveCfg = Release|Any CPU
		{1DAA99D8-96E2-413F-8828-CCCC8F54E959}.Release|Any CPU.Build.0 = Release|Any CPU
	EndGlobalSection
	GlobalSection(SolutionProperties) = preSolution
		HideSolutionNode = FALSE
	EndGlobalSection
	GlobalSection(ExtensibilityGlobals) = postSolution
		SolutionGuid = {3BB71C1C-A0ED-45B2-B3C5-6953B46964B8}
	EndGlobalSection
EndGlobal
